{
  "name": "atlas-scribe",
  "version": "1.0.0",
  "lockfileVersion": 1,
  "requires": true,
  "dependencies": {
    "@aws-sdk/abort-controller": {
      "version": "0.1.0-preview.4",
      "resolved": "https://registry.npmjs.org/@aws-sdk/abort-controller/-/abort-controller-0.1.0-preview.4.tgz",
      "integrity": "sha512-ZTLS3/cMGKqvRZoFzoLjt0Id6zSGrch7gYumOhVukMDf+h7hdqv6G4KSyPKCFyK76VTRud+veMg/UoQiyr62ew==",
      "dev": true,
      "requires": {
        "@aws-sdk/types": "^0.1.0-preview.4",
        "tslib": "^1.8.0"
      }
    },
    "@aws-sdk/apply-body-checksum-middleware": {
      "version": "0.1.0-preview.4",
      "resolved": "https://registry.npmjs.org/@aws-sdk/apply-body-checksum-middleware/-/apply-body-checksum-middleware-0.1.0-preview.4.tgz",
      "integrity": "sha512-PH4Jh3eqzvjzt2uXSnZTiK6srLKL+2cFBdcPXwkGJ00U1HDfWALnGSKgkN+drGArYppWu1DqSAyf2/wIFLy2bQ==",
      "dev": true,
      "requires": {
        "@aws-sdk/is-array-buffer": "^0.1.0-preview.2",
        "@aws-sdk/types": "^0.1.0-preview.4",
        "tslib": "^1.8.0"
      }
    },
    "@aws-sdk/bucket-endpoint-middleware": {
      "version": "0.1.0-preview.4",
      "resolved": "https://registry.npmjs.org/@aws-sdk/bucket-endpoint-middleware/-/bucket-endpoint-middleware-0.1.0-preview.4.tgz",
      "integrity": "sha512-AqCQdYoEPX7Lx4NsQYLsuaOfTUvsiriOJTtSDA53DcxNsKhzT9WhQnivF9QFzugfUl2d9FVpRJpgPshTf6f8uQ==",
      "dev": true,
      "requires": {
        "@aws-sdk/types": "^0.1.0-preview.4",
        "tslib": "^1.8.0"
      }
    },
    "@aws-sdk/client-s3-node": {
      "version": "0.1.0-preview.2",
      "resolved": "https://registry.npmjs.org/@aws-sdk/client-s3-node/-/client-s3-node-0.1.0-preview.2.tgz",
      "integrity": "sha512-sQj8KnijskzIijl/ETJpoygcN4o0AKBtZtXp6eiJjhLZf1RAX33Bd1QzSgScfElY/XVAMgntzWWvBm8VhUu+cQ==",
      "dev": true,
      "requires": {
        "@aws-sdk/apply-body-checksum-middleware": "^0.1.0-preview.4",
        "@aws-sdk/bucket-endpoint-middleware": "^0.1.0-preview.4",
        "@aws-sdk/config-resolver": "^0.1.0-preview.4",
        "@aws-sdk/core-handler": "^0.1.0-preview.4",
        "@aws-sdk/credential-provider-node": "^0.1.0-preview.5",
        "@aws-sdk/hash-node": "^0.1.0-preview.4",
        "@aws-sdk/hash-stream-node": "^0.1.0-preview.5",
        "@aws-sdk/location-constraint-middleware": "^0.1.0-preview.4",
        "@aws-sdk/middleware-content-length": "^0.1.0-preview.4",
        "@aws-sdk/middleware-expect-continue": "^0.1.0-preview.4",
        "@aws-sdk/middleware-header-default": "^0.1.0-preview.4",
        "@aws-sdk/middleware-serializer": "^0.1.0-preview.4",
        "@aws-sdk/middleware-stack": "^0.1.0-preview.5",
        "@aws-sdk/node-http-handler": "^0.1.0-preview.5",
        "@aws-sdk/protocol-rest": "^0.1.0-preview.6",
        "@aws-sdk/query-error-unmarshaller": "^0.1.0-preview.5",
        "@aws-sdk/region-provider": "^0.1.0-preview.4",
        "@aws-sdk/retry-middleware": "^0.1.0-preview.4",
        "@aws-sdk/s3-error-unmarshaller": "^0.1.0-preview.2",
        "@aws-sdk/signature-v4": "^0.1.0-preview.5",
        "@aws-sdk/signing-middleware": "^0.1.0-preview.5",
        "@aws-sdk/ssec-middleware": "^0.1.0-preview.4",
        "@aws-sdk/stream-collector-node": "^0.1.0-preview.4",
        "@aws-sdk/types": "^0.1.0-preview.4",
        "@aws-sdk/url-parser-node": "^0.1.0-preview.4",
        "@aws-sdk/util-base64-node": "^0.1.0-preview.2",
        "@aws-sdk/util-body-length-node": "^0.1.0-preview.3",
        "@aws-sdk/util-user-agent-node": "^0.1.0-preview.5",
        "@aws-sdk/util-utf8-node": "^0.1.0-preview.2",
        "@aws-sdk/xml-body-builder": "^0.1.0-preview.4",
        "@aws-sdk/xml-body-parser": "^0.1.0-preview.5",
        "tslib": "^1.8.0"
      }
    },
    "@aws-sdk/config-resolver": {
      "version": "0.1.0-preview.4",
      "resolved": "https://registry.npmjs.org/@aws-sdk/config-resolver/-/config-resolver-0.1.0-preview.4.tgz",
      "integrity": "sha512-h36YlsUqfkLMXda4iyy0fmYNNzJ5UlfmQwMRdCiZAiIjZhpY/FSN3rwCpNLlHD26x/2/SsH3WKCC8blV4vNQ4A==",
      "dev": true,
      "requires": {
        "@aws-sdk/types": "^0.1.0-preview.4",
        "tslib": "^1.8.0"
      }
    },
    "@aws-sdk/core-handler": {
      "version": "0.1.0-preview.4",
      "resolved": "https://registry.npmjs.org/@aws-sdk/core-handler/-/core-handler-0.1.0-preview.4.tgz",
      "integrity": "sha512-BhFmVSbOTaLB/v9IZP+mo6nGxF5zaQEPFFFqms0wrU0B4wbtfxxxsd5QWak+bT+eqwWSV4OyWlFObuXSSETNxA==",
      "dev": true,
      "requires": {
        "@aws-sdk/types": "^0.1.0-preview.4",
        "tslib": "^1.8.0"
      }
    },
    "@aws-sdk/credential-provider-env": {
      "version": "0.1.0-preview.5",
      "resolved": "https://registry.npmjs.org/@aws-sdk/credential-provider-env/-/credential-provider-env-0.1.0-preview.5.tgz",
      "integrity": "sha512-L0SLwJ5Ak2OTyau9LBJCw5J90LTWzl4gGyMyC/06/p8KBXYZ6zYGqJtQop5hjOWsDH+qx62D4tjYFfAQBE6hjw==",
      "dev": true,
      "requires": {
        "@aws-sdk/property-provider": "^0.1.0-preview.4",
        "@aws-sdk/protocol-timestamp": "^0.1.0-preview.4",
        "@aws-sdk/types": "^0.1.0-preview.4",
        "tslib": "^1.8.0"
      }
    },
    "@aws-sdk/credential-provider-imds": {
      "version": "0.1.0-preview.4",
      "resolved": "https://registry.npmjs.org/@aws-sdk/credential-provider-imds/-/credential-provider-imds-0.1.0-preview.4.tgz",
      "integrity": "sha512-LrzOxfhB/L7WrRc25wsYBKCpIEXllph0F+r2jRNGj42/JnpazDvz1RFKAinIe9dIwArHQFKeu/dqQEIoQ+mApQ==",
      "dev": true,
      "requires": {
        "@aws-sdk/property-provider": "^0.1.0-preview.4",
        "@aws-sdk/types": "^0.1.0-preview.4",
        "tslib": "^1.8.0"
      }
    },
    "@aws-sdk/credential-provider-ini": {
      "version": "0.1.0-preview.4",
      "resolved": "https://registry.npmjs.org/@aws-sdk/credential-provider-ini/-/credential-provider-ini-0.1.0-preview.4.tgz",
      "integrity": "sha512-VXSXkMpYKQGb31zstoSmvKRlqtGO6/dyILZ/kQRG1VkzPEMJyh+pvJvqXT1t8Qw/wPzoGhS5OrLXUFjLPWaqHw==",
      "dev": true,
      "requires": {
        "@aws-sdk/property-provider": "^0.1.0-preview.4",
        "@aws-sdk/shared-ini-file-loader": "^0.1.0-preview.2",
        "@aws-sdk/types": "^0.1.0-preview.4",
        "tslib": "^1.8.0"
      }
    },
    "@aws-sdk/credential-provider-node": {
      "version": "0.1.0-preview.5",
      "resolved": "https://registry.npmjs.org/@aws-sdk/credential-provider-node/-/credential-provider-node-0.1.0-preview.5.tgz",
      "integrity": "sha512-EuK7o6i9BirHcGdxdrQRGbcmRjB7eVAanH9Z2CbAN1DVveSQCZ7ZI7uTlzK8QifAVkgZpTtgeapsI1BUs0aYqQ==",
      "dev": true,
      "requires": {
        "@aws-sdk/credential-provider-env": "^0.1.0-preview.5",
        "@aws-sdk/credential-provider-imds": "^0.1.0-preview.4",
        "@aws-sdk/credential-provider-ini": "^0.1.0-preview.4",
        "@aws-sdk/credential-provider-process": "^0.1.0-preview.2",
        "@aws-sdk/property-provider": "^0.1.0-preview.4",
        "@aws-sdk/types": "^0.1.0-preview.4",
        "tslib": "^1.8.0"
      }
    },
    "@aws-sdk/credential-provider-process": {
      "version": "0.1.0-preview.2",
      "resolved": "https://registry.npmjs.org/@aws-sdk/credential-provider-process/-/credential-provider-process-0.1.0-preview.2.tgz",
      "integrity": "sha512-Yobkmq7vvlLlk/pyacPxRqaZk2BuMfNt7diOr8IDV+DjrUq2BtpzaM7o7aU2KDI/+RpQyDLWoVKuV5EWmgVHSg==",
      "dev": true,
      "requires": {
        "@aws-sdk/credential-provider-ini": "^0.1.0-preview.4",
        "@aws-sdk/property-provider": "^0.1.0-preview.4",
        "@aws-sdk/shared-ini-file-loader": "^0.1.0-preview.2",
        "@aws-sdk/types": "^0.1.0-preview.4",
        "tslib": "^1.8.0"
      }
    },
    "@aws-sdk/hash-node": {
      "version": "0.1.0-preview.4",
      "resolved": "https://registry.npmjs.org/@aws-sdk/hash-node/-/hash-node-0.1.0-preview.4.tgz",
      "integrity": "sha512-NEHf90mDM6ZH72TY/FivVQ1fOue6ddlUuBpDQVOJ9U5/GLqI8XCZovDepG5Bzf0c8Q5MB7XqLrjv4oeEfgu3Kw==",
      "dev": true,
      "requires": {
        "@aws-sdk/types": "^0.1.0-preview.4",
        "@aws-sdk/util-buffer-from": "^0.1.0-preview.2",
        "tslib": "^1.8.0"
      }
    },
    "@aws-sdk/hash-stream-node": {
      "version": "0.1.0-preview.5",
      "resolved": "https://registry.npmjs.org/@aws-sdk/hash-stream-node/-/hash-stream-node-0.1.0-preview.5.tgz",
      "integrity": "sha512-zKBx6G9TOch8L6oLNjf2paLtFor0vd8VrJILoXCUlrrmo475e836cktY0CSINVdAqkGHLJ+CHyrPMacYf5IarQ==",
      "dev": true,
      "requires": {
        "@aws-sdk/types": "^0.1.0-preview.4",
        "tslib": "^1.8.0"
      }
    },
    "@aws-sdk/is-array-buffer": {
      "version": "0.1.0-preview.2",
      "resolved": "https://registry.npmjs.org/@aws-sdk/is-array-buffer/-/is-array-buffer-0.1.0-preview.2.tgz",
      "integrity": "sha512-ooc7TloJttAMyXus19fmptLSz0kh3Xi3hTsae4W/4YMFbwS1L7Kna/wE8AnW/wdRPiNIQqJQUVt17SF1GPPS5g==",
      "dev": true,
      "requires": {
        "tslib": "^1.8.0"
      }
    },
    "@aws-sdk/is-iterable": {
      "version": "0.1.0-preview.2",
      "resolved": "https://registry.npmjs.org/@aws-sdk/is-iterable/-/is-iterable-0.1.0-preview.2.tgz",
      "integrity": "sha512-IC8F/mFzJfQm2oM5TTuxPd6DkIjpOOdSP/6Aeu9ib5STMIX3nnZ7+9V+QYpQiZD+yjyjFIOT+evJWriNel7HrQ==",
      "dev": true,
      "requires": {
        "tslib": "^1.8.0"
      }
    },
    "@aws-sdk/location-constraint-middleware": {
      "version": "0.1.0-preview.4",
      "resolved": "https://registry.npmjs.org/@aws-sdk/location-constraint-middleware/-/location-constraint-middleware-0.1.0-preview.4.tgz",
      "integrity": "sha512-t6JfJ1F1Q6G3TYSxE1faNB+Ew/6mJV/gIT6t2XlL3emwl81HtSYHRl+U538QY09urCUM0nZ2xJCEPchETDvYlQ==",
      "dev": true,
      "requires": {
        "@aws-sdk/types": "^0.1.0-preview.4",
        "tslib": "^1.8.0"
      }
    },
    "@aws-sdk/middleware-content-length": {
      "version": "0.1.0-preview.4",
      "resolved": "https://registry.npmjs.org/@aws-sdk/middleware-content-length/-/middleware-content-length-0.1.0-preview.4.tgz",
      "integrity": "sha512-GMiZ55oGC9squq/Tnt+oVgmKQfV0XcWR+tTolKlVFhiMPB2uNuxUjOuFAszYpSDOtxJMdsUO4hSjG0ngRrCxdA==",
      "dev": true,
      "requires": {
        "@aws-sdk/types": "^0.1.0-preview.4",
        "tslib": "^1.8.0"
      }
    },
    "@aws-sdk/middleware-expect-continue": {
      "version": "0.1.0-preview.4",
      "resolved": "https://registry.npmjs.org/@aws-sdk/middleware-expect-continue/-/middleware-expect-continue-0.1.0-preview.4.tgz",
      "integrity": "sha512-egLPifOymIfVD2PJxUVrjEzjd6iucww32vz5tnCuWzJDHATbjCbzWoLKXuZjIgyz4laOQ1WOgs8CIjeCm9cEHA==",
      "dev": true,
      "requires": {
        "@aws-sdk/middleware-header-default": "^0.1.0-preview.4",
        "@aws-sdk/types": "^0.1.0-preview.4",
        "tslib": "^1.8.0"
      }
    },
    "@aws-sdk/middleware-header-default": {
      "version": "0.1.0-preview.4",
      "resolved": "https://registry.npmjs.org/@aws-sdk/middleware-header-default/-/middleware-header-default-0.1.0-preview.4.tgz",
      "integrity": "sha512-V+91iGr0i5ioFEFXAwnUnm4BJEtaMwUKxrsRU3Fi0iFgTDg0re3knKn22OSwXSdAWUXSdIUWjgtvQK/1C/j6VQ==",
      "dev": true,
      "requires": {
        "@aws-sdk/types": "^0.1.0-preview.4",
        "tslib": "^1.8.0"
      }
    },
    "@aws-sdk/middleware-serializer": {
      "version": "0.1.0-preview.4",
      "resolved": "https://registry.npmjs.org/@aws-sdk/middleware-serializer/-/middleware-serializer-0.1.0-preview.4.tgz",
      "integrity": "sha512-XnSZaNaYiOvUznO9ZA8RR/hoF06tzAk6WMsMl89BiNtYbzzpAF3H+xHe5vwFKfPNZMpSrTvdnHdJtMLImPCfjg==",
      "dev": true,
      "requires": {
        "@aws-sdk/types": "^0.1.0-preview.4",
        "tslib": "^1.8.0"
      }
    },
    "@aws-sdk/middleware-stack": {
      "version": "0.1.0-preview.5",
      "resolved": "https://registry.npmjs.org/@aws-sdk/middleware-stack/-/middleware-stack-0.1.0-preview.5.tgz",
      "integrity": "sha512-5gahCZgNiAeU+9PeJ95eHzIVavztX4jsd3OR99Ahv0o4WGLbobpHGahnJbTxNsylnRTvVbBtUiwsA1kCchaBAw==",
      "dev": true,
      "requires": {
        "@aws-sdk/types": "^0.1.0-preview.4",
        "tslib": "^1.8.0"
      }
    },
    "@aws-sdk/node-http-handler": {
      "version": "0.1.0-preview.5",
      "resolved": "https://registry.npmjs.org/@aws-sdk/node-http-handler/-/node-http-handler-0.1.0-preview.5.tgz",
      "integrity": "sha512-scpvQnXWh+4m3c7Q6cGxbaQYvKHYGDbrU9cnYGeG4fwkmiPOMC/qVqXF2QmHD5xY5nQNdSLU/HUevlT044MJLw==",
      "dev": true,
      "requires": {
        "@aws-sdk/abort-controller": "^0.1.0-preview.4",
        "@aws-sdk/querystring-builder": "^0.1.0-preview.4",
        "@aws-sdk/types": "^0.1.0-preview.4",
        "tslib": "^1.8.0"
      }
    },
    "@aws-sdk/property-provider": {
      "version": "0.1.0-preview.4",
      "resolved": "https://registry.npmjs.org/@aws-sdk/property-provider/-/property-provider-0.1.0-preview.4.tgz",
      "integrity": "sha512-p3p2U3vIhNdCUBbis+J6pk9Tu6YSGTBot3nOhE4Vipcg/6XZhyar+m44xfst9F1XWeazdGvCHViDUakdSZFpgQ==",
      "dev": true,
      "requires": {
        "@aws-sdk/types": "^0.1.0-preview.4",
        "tslib": "^1.8.0"
      }
    },
    "@aws-sdk/protocol-rest": {
      "version": "0.1.0-preview.6",
      "resolved": "https://registry.npmjs.org/@aws-sdk/protocol-rest/-/protocol-rest-0.1.0-preview.6.tgz",
      "integrity": "sha512-6jX7AnsOTx4IG84QXglTN3+1Kk/JKEgNLDW3xz2mT2QQFM/Umjo9u/IcoKvEuw74JbNO3LJzIyQgVXiHi+UVGQ==",
      "dev": true,
      "requires": {
        "@aws-sdk/is-array-buffer": "^0.1.0-preview.2",
        "@aws-sdk/is-iterable": "^0.1.0-preview.2",
        "@aws-sdk/protocol-timestamp": "^0.1.0-preview.4",
        "@aws-sdk/response-metadata-extractor": "^0.1.0-preview.5",
        "@aws-sdk/types": "^0.1.0-preview.4",
        "@aws-sdk/util-error-constructor": "^0.1.0-preview.4",
        "@aws-sdk/util-uri-escape": "^0.1.0-preview.2",
        "tslib": "^1.8.0"
      }
    },
    "@aws-sdk/protocol-timestamp": {
      "version": "0.1.0-preview.4",
      "resolved": "https://registry.npmjs.org/@aws-sdk/protocol-timestamp/-/protocol-timestamp-0.1.0-preview.4.tgz",
      "integrity": "sha512-QZ3tDwb5hI2X4nSRtRt+//GsZXZrIjQjiRTqFr4yD7jiKYtKPDSkBBrrMfhu/v2WDuy/Vk/2G08GdxPYHcqkiw==",
      "dev": true,
      "requires": {
        "@aws-sdk/types": "^0.1.0-preview.4",
        "tslib": "^1.8.0"
      }
    },
    "@aws-sdk/query-error-unmarshaller": {
      "version": "0.1.0-preview.5",
      "resolved": "https://registry.npmjs.org/@aws-sdk/query-error-unmarshaller/-/query-error-unmarshaller-0.1.0-preview.5.tgz",
      "integrity": "sha512-ny1yQJcObrfYONmr0uEYQ0FcqGrlo+uRFSgRUnEzhAjAs12V2w/524joZuACJyjZARbpNBYOI+UPgAv7klv2Ww==",
      "dev": true,
      "requires": {
        "@aws-sdk/response-metadata-extractor": "^0.1.0-preview.5",
        "@aws-sdk/types": "^0.1.0-preview.4",
        "@aws-sdk/util-error-constructor": "^0.1.0-preview.4",
        "tslib": "^1.8.0"
      }
    },
    "@aws-sdk/querystring-builder": {
      "version": "0.1.0-preview.4",
      "resolved": "https://registry.npmjs.org/@aws-sdk/querystring-builder/-/querystring-builder-0.1.0-preview.4.tgz",
      "integrity": "sha512-k+/DjtFnPywbMHE9PP/2VkYzIxLkAwLLR1Me2D/W/2p9SdKP9ArRKHKMI/Iz9uUU8MECfQ7yGjNU9UEOUryB8A==",
      "dev": true,
      "requires": {
        "@aws-sdk/types": "^0.1.0-preview.4",
        "@aws-sdk/util-uri-escape": "^0.1.0-preview.2",
        "tslib": "^1.8.0"
      }
    },
    "@aws-sdk/querystring-parser": {
      "version": "0.1.0-preview.4",
      "resolved": "https://registry.npmjs.org/@aws-sdk/querystring-parser/-/querystring-parser-0.1.0-preview.4.tgz",
      "integrity": "sha512-oSb6ajO6RFrn+8id1reExIY1hO5Gdq0Cfd/zJXHWu2uquq7yqIvXeoWib9IgMcM10EEzVGw7Wo5+AwVJlhNLWg==",
      "dev": true,
      "requires": {
        "@aws-sdk/types": "^0.1.0-preview.4",
        "tslib": "^1.8.0"
      }
    },
    "@aws-sdk/region-provider": {
      "version": "0.1.0-preview.4",
      "resolved": "https://registry.npmjs.org/@aws-sdk/region-provider/-/region-provider-0.1.0-preview.4.tgz",
      "integrity": "sha512-p1Nr3/jyGoJfR3KmfJUCMDwbVCMVj1GRm5OitMmPdEIpDtmsdXyKbUwpDDoWX1pDgo3mjH8WgKiJPRtiip3jJA==",
      "dev": true,
      "requires": {
        "@aws-sdk/property-provider": "^0.1.0-preview.4",
        "@aws-sdk/shared-ini-file-loader": "^0.1.0-preview.2",
        "@aws-sdk/types": "^0.1.0-preview.4",
        "tslib": "^1.8.0"
      }
    },
    "@aws-sdk/response-metadata-extractor": {
      "version": "0.1.0-preview.5",
      "resolved": "https://registry.npmjs.org/@aws-sdk/response-metadata-extractor/-/response-metadata-extractor-0.1.0-preview.5.tgz",
      "integrity": "sha512-zTuurn7E8HrmQNVGIQoDqXPtfnGsvJbrbDbBLIo9f5zuoFw1CikRPPK+VClFNVam8slzFTMdix6qv2FLgEGJYw==",
      "dev": true,
      "requires": {
        "@aws-sdk/types": "^0.1.0-preview.4",
        "tslib": "^1.8.0"
      }
    },
    "@aws-sdk/retry-middleware": {
      "version": "0.1.0-preview.4",
      "resolved": "https://registry.npmjs.org/@aws-sdk/retry-middleware/-/retry-middleware-0.1.0-preview.4.tgz",
      "integrity": "sha512-7d20qHNx8ybwl7U/mBddJDMaEb4ixEMxWN9Pu7caC4PftU5Ksa6whqzLxRjtFJZ3yBn2fXda23ckQXZErbuLAQ==",
      "dev": true,
      "requires": {
        "@aws-sdk/service-error-classification": "^0.1.0-preview.2",
        "@aws-sdk/types": "^0.1.0-preview.4",
        "tslib": "^1.8.0"
      }
    },
    "@aws-sdk/s3-error-unmarshaller": {
      "version": "0.1.0-preview.2",
      "resolved": "https://registry.npmjs.org/@aws-sdk/s3-error-unmarshaller/-/s3-error-unmarshaller-0.1.0-preview.2.tgz",
      "integrity": "sha512-3A6FUzFwGe34+1l8daxXaiTymZmb1LvVXNM+aapfJqRCM80vfbTEf+pzefIHCJAOhTCaSyhtkrs07iOpj3L1nw==",
      "dev": true,
      "requires": {
        "@aws-sdk/response-metadata-extractor": "^0.1.0-preview.5",
        "@aws-sdk/types": "^0.1.0-preview.4",
        "@aws-sdk/util-error-constructor": "^0.1.0-preview.4",
        "tslib": "^1.8.0"
      }
    },
    "@aws-sdk/service-error-classification": {
      "version": "0.1.0-preview.2",
      "resolved": "https://registry.npmjs.org/@aws-sdk/service-error-classification/-/service-error-classification-0.1.0-preview.2.tgz",
      "integrity": "sha512-K0bDciPNerYqUkyQ//3aAhEMij62qTf6PXEfcbxiA9dusr47V7LL+zawiHDIhLBXpz/npUDg/7yqClFaGXLXbQ==",
      "dev": true
    },
    "@aws-sdk/shared-ini-file-loader": {
      "version": "0.1.0-preview.2",
      "resolved": "https://registry.npmjs.org/@aws-sdk/shared-ini-file-loader/-/shared-ini-file-loader-0.1.0-preview.2.tgz",
      "integrity": "sha512-HOknwwcJeoiYFZJBoBPKL20taYGd485dz8QtHF7LCR4YQJQzH/Ttrtdvd4WTXcsdRnTYxnLy3Ho+4KZs9ShwzA==",
      "dev": true,
      "requires": {
        "tslib": "^1.8.0"
      }
    },
    "@aws-sdk/signature-v4": {
      "version": "0.1.0-preview.5",
      "resolved": "https://registry.npmjs.org/@aws-sdk/signature-v4/-/signature-v4-0.1.0-preview.5.tgz",
      "integrity": "sha512-BuFAe48egDU+Mf0qTP5WiTITF4LCcT1oc9KuYUePlCL2/RB5Ttvj+ZrWHqX7xarRwddvPe1x40XXpMlP8Lz9Eg==",
      "dev": true,
      "requires": {
        "@aws-sdk/is-array-buffer": "^0.1.0-preview.2",
        "@aws-sdk/protocol-timestamp": "^0.1.0-preview.4",
        "@aws-sdk/types": "^0.1.0-preview.4",
        "@aws-sdk/util-hex-encoding": "^0.1.0-preview.2",
        "tslib": "^1.8.0"
      }
    },
    "@aws-sdk/signing-middleware": {
      "version": "0.1.0-preview.5",
      "resolved": "https://registry.npmjs.org/@aws-sdk/signing-middleware/-/signing-middleware-0.1.0-preview.5.tgz",
      "integrity": "sha512-rjRJJKaKDw9mgh7Y14Gh1JSluB/kqxMp11cee6ZQlWeX8yM0EVmw3CGYt479XhRrvFbP1r3gS2RdWEybrCA4pg==",
      "dev": true,
      "requires": {
        "@aws-sdk/signature-v4": "^0.1.0-preview.5",
        "@aws-sdk/types": "^0.1.0-preview.4",
        "tslib": "^1.8.0"
      }
    },
    "@aws-sdk/ssec-middleware": {
      "version": "0.1.0-preview.4",
      "resolved": "https://registry.npmjs.org/@aws-sdk/ssec-middleware/-/ssec-middleware-0.1.0-preview.4.tgz",
      "integrity": "sha512-Nb0g5/7KvIbyL6Z5p7jyRyZUPo1sw9ZzKqIWPwh3czm9WDtWl1v00lp8O8az381o5wZTevOmKnrwkgIfWdQzRQ==",
      "dev": true,
      "requires": {
        "@aws-sdk/types": "^0.1.0-preview.4",
        "tslib": "^1.8.0"
      }
    },
    "@aws-sdk/stream-collector-node": {
      "version": "0.1.0-preview.4",
      "resolved": "https://registry.npmjs.org/@aws-sdk/stream-collector-node/-/stream-collector-node-0.1.0-preview.4.tgz",
      "integrity": "sha512-t8JoZtp/MoV9x6hrO6E68Tp4NJXS6w93ivW1de2EXJd+Idqndkz4hB5QIVZ6RmbocxY4aA4xQEROajTt0VjZBA==",
      "dev": true,
      "requires": {
        "@aws-sdk/types": "^0.1.0-preview.4",
        "tslib": "^1.8.0"
      }
    },
    "@aws-sdk/types": {
      "version": "0.1.0-preview.4",
      "resolved": "https://registry.npmjs.org/@aws-sdk/types/-/types-0.1.0-preview.4.tgz",
      "integrity": "sha512-EacnzfK2rzM4e1b+ONlKuK4FX55ZqjNNV/SStwK8nZnmA4l/8HvpuehXsuQSEsqjgE5NqWi6QBrDYKbfd2wGpw==",
      "dev": true
    },
    "@aws-sdk/url-parser-node": {
      "version": "0.1.0-preview.4",
      "resolved": "https://registry.npmjs.org/@aws-sdk/url-parser-node/-/url-parser-node-0.1.0-preview.4.tgz",
      "integrity": "sha512-j0gV1JhY+XvSlYknfTceFsp35WVyd4HntOGLPo5KbJI+Z+3E5OYq0UoxBi3gA9eR5/odrkz2NY4WeQt8k/tY0g==",
      "dev": true,
      "requires": {
        "@aws-sdk/querystring-parser": "^0.1.0-preview.4",
        "@aws-sdk/types": "^0.1.0-preview.4",
        "tslib": "^1.8.0"
      }
    },
    "@aws-sdk/util-base64-node": {
      "version": "0.1.0-preview.2",
      "resolved": "https://registry.npmjs.org/@aws-sdk/util-base64-node/-/util-base64-node-0.1.0-preview.2.tgz",
      "integrity": "sha512-PAv5+1bVcOQ3UE3DEcU0Pqzz3lLja5awY/l41YPiAmbDL7w4SMM/+oXrkg57uK7L4/B/fK7Fgb5JO/BoIlBpnA==",
      "dev": true,
      "requires": {
        "@aws-sdk/util-buffer-from": "^0.1.0-preview.2",
        "tslib": "^1.8.0"
      }
    },
    "@aws-sdk/util-body-length-node": {
      "version": "0.1.0-preview.3",
      "resolved": "https://registry.npmjs.org/@aws-sdk/util-body-length-node/-/util-body-length-node-0.1.0-preview.3.tgz",
      "integrity": "sha512-URM9PwlknHyi0ipZ/48W0NGshVufe+Strl1j7IGAfrUgeXnRt25XNLtpntRI9ILnGw8JbhEgaJoETcM3ncFlmg==",
      "dev": true,
      "requires": {
        "tslib": "^1.8.0"
      }
    },
    "@aws-sdk/util-buffer-from": {
      "version": "0.1.0-preview.2",
      "resolved": "https://registry.npmjs.org/@aws-sdk/util-buffer-from/-/util-buffer-from-0.1.0-preview.2.tgz",
      "integrity": "sha512-4JoUPjZ6PLVhLTYUejwfPeKlpfoJdLL3PgRhbe4O3eGDMwyg0fAbivhN5N6hG2qxHxIC1/5e/k3QIZ+7+gT9Zg==",
      "dev": true,
      "requires": {
        "@aws-sdk/is-array-buffer": "^0.1.0-preview.2",
        "tslib": "^1.8.0"
      }
    },
    "@aws-sdk/util-error-constructor": {
      "version": "0.1.0-preview.4",
      "resolved": "https://registry.npmjs.org/@aws-sdk/util-error-constructor/-/util-error-constructor-0.1.0-preview.4.tgz",
      "integrity": "sha512-IanOdRYyR+VnCLBcT+JFzlGxCXGmZMyzqdDIxJauDODa/K9MZ9MKeg4KaLc+wymx8jlGTRrsCFLJTF2xAcOGAQ==",
      "dev": true,
      "requires": {
        "@aws-sdk/types": "^0.1.0-preview.4",
        "tslib": "^1.8.0"
      }
    },
    "@aws-sdk/util-hex-encoding": {
      "version": "0.1.0-preview.2",
      "resolved": "https://registry.npmjs.org/@aws-sdk/util-hex-encoding/-/util-hex-encoding-0.1.0-preview.2.tgz",
      "integrity": "sha512-3fQBxniFAyRwfXR3/wtwYEU9CVs8Q2ZEqI+sMlLLSUxrQD1Ans92T+rOaOlCuWVZa8Jzx021REbTzB1Akvud3g==",
      "dev": true,
      "requires": {
        "tslib": "^1.8.0"
      }
    },
    "@aws-sdk/util-uri-escape": {
      "version": "0.1.0-preview.2",
      "resolved": "https://registry.npmjs.org/@aws-sdk/util-uri-escape/-/util-uri-escape-0.1.0-preview.2.tgz",
      "integrity": "sha512-cmUlsZmcHopklxIudYsNkR7xdf/1IipcRDdeArC9QrAp2yWjVGE9BlXAFzabbfJj9G37/BQAECpDrxgBo7698g==",
      "dev": true,
      "requires": {
        "tslib": "^1.8.0"
      }
    },
    "@aws-sdk/util-user-agent-node": {
      "version": "0.1.0-preview.5",
      "resolved": "https://registry.npmjs.org/@aws-sdk/util-user-agent-node/-/util-user-agent-node-0.1.0-preview.5.tgz",
      "integrity": "sha512-TVnAxo3d/x+9q0ozF3AOncyL0oQvVVDFFuL82ca7ZPAos2U1ampF6KSdgtpla82wrNYkfF0LwIVlcGoVRJA96Q==",
      "dev": true,
      "requires": {
        "@aws-sdk/types": "^0.1.0-preview.4",
        "tslib": "^1.8.0"
      }
    },
    "@aws-sdk/util-utf8-node": {
      "version": "0.1.0-preview.2",
      "resolved": "https://registry.npmjs.org/@aws-sdk/util-utf8-node/-/util-utf8-node-0.1.0-preview.2.tgz",
      "integrity": "sha512-unrxkTfrkQlT/jO22CFXCKHFaxOkN67PQL1psG7aMnV7+hkzSZ/8MZNpDrkm4B1G5fSQOaDQvhkr4aS6tSQcnA==",
      "dev": true,
      "requires": {
        "@aws-sdk/util-buffer-from": "^0.1.0-preview.2",
        "tslib": "^1.8.0"
      }
    },
    "@aws-sdk/xml-body-builder": {
      "version": "0.1.0-preview.4",
      "resolved": "https://registry.npmjs.org/@aws-sdk/xml-body-builder/-/xml-body-builder-0.1.0-preview.4.tgz",
      "integrity": "sha512-SN5otOQ2Oy7bREbd1ywhcm3exTwnr/kgaYpMVSoIhfCOeN8F23n66aA02In1bS9ttuj5mG+0MR4vNGy6WaG69w==",
      "dev": true,
      "requires": {
        "@aws-sdk/is-iterable": "^0.1.0-preview.2",
        "@aws-sdk/protocol-timestamp": "^0.1.0-preview.4",
        "@aws-sdk/types": "^0.1.0-preview.4",
        "@aws-sdk/xml-builder": "^0.1.0-preview.2",
        "tslib": "^1.8.0"
      }
    },
    "@aws-sdk/xml-body-parser": {
      "version": "0.1.0-preview.5",
      "resolved": "https://registry.npmjs.org/@aws-sdk/xml-body-parser/-/xml-body-parser-0.1.0-preview.5.tgz",
      "integrity": "sha512-LMV1eEMIBGdNBLkhOeWCePDymZkW8oXvo8Vy8ilOuRkHZpMXtOpya76ES72XV7xLguDavSmnfwHl+hWSm184ZA==",
      "dev": true,
      "requires": {
        "@aws-sdk/protocol-timestamp": "^0.1.0-preview.4",
        "@aws-sdk/types": "^0.1.0-preview.4",
        "tslib": "^1.8.0"
      }
    },
    "@aws-sdk/xml-builder": {
      "version": "0.1.0-preview.2",
      "resolved": "https://registry.npmjs.org/@aws-sdk/xml-builder/-/xml-builder-0.1.0-preview.2.tgz",
      "integrity": "sha512-tgIHklDfkUtfuDQp8vlQYlZQ3xYCW6Hd5si4Brjsj9KVJujKkvICTFhOzrAHQkmaOSbP64UdQ9Zlo5geFYnZfw==",
      "dev": true,
      "requires": {
        "tslib": "^1.8.0"
      }
    },
    "colors-cli": {
      "version": "1.0.23",
      "resolved": "https://registry.npmjs.org/colors-cli/-/colors-cli-1.0.23.tgz",
      "integrity": "sha512-5hcizaqwqMyz9Rjdup8t/On+/24YX8uXbvGvd18wwrUKgF2q/+aHr701Iu0EqROHmDgJhmIC32MACj/5m/l2vQ==",
      "dev": true
    },
    "lk-test": {
      "version": "2.4.0",
      "resolved": "https://registry.npmjs.org/lk-test/-/lk-test-2.4.0.tgz",
      "integrity": "sha512-4j4K1sm3+4ARkBzzntKh8iia/PGJYvlYt0gPFqxLg85/xBeNPik+1/hrCK/FCOaNvNg7TKqoRE/GO5p8SyWRGQ==",
      "dev": true,
      "requires": {
        "colors-cli": "^1.0.23"
      }
    },
    "tslib": {
      "version": "1.10.0",
      "resolved": "https://registry.npmjs.org/tslib/-/tslib-1.10.0.tgz",
      "integrity": "sha512-qOebF53frne81cf0S9B41ByenJ3/IuH8yJKngAX35CmiZySA0khhkovshKK+jGCaMnVomla7gVlIcc3EvKPbTQ==",
      "dev": true
    },
    "uuid": {
      "version": "3.3.2",
      "resolved": "https://registry.npmjs.org/uuid/-/uuid-3.3.2.tgz",
      "integrity": "sha512-yXJmeNaw3DnnKAOKJE51sL/ZaYfWJRl1pK9dr19YFCu0ObS231AB1/LbqTKRAQ5kw8A90rA6fr4riOUpTZvQZA=="
    }
  }
}
